
Microsoft Visual Studio Solution File, Format Version 12.00
# Visual Studio Version 17
VisualStudioVersion = 17.5.33502.453
MinimumVisualStudioVersion = 10.0.40219.1
Project("{FAE04EC0-301F-11D3-BF4B-00C04F79EFBC}") = "GokstadHageVenner", "GokstadHageVenner.csproj", "{04A17498-6C87-43B1-AFE9-A99069E89258}"
EndProject
Global
	GlobalSection(SolutionConfigurationPlatforms) = preSolution
		Debug|Any CPU = Debug|Any CPU
		Release|Any CPU = Release|Any CPU
	EndGlobalSection
	GlobalSection(ProjectConfigurationPlatforms) = postSolution
		{04A17498-6C87-43B1-AFE9-A99069E89258}.Debug|Any CPU.ActiveCfg = Debug|Any CPU
		{04A17498-6C87-43B1-AFE9-A99069E89258}.Debug|Any CPU.Build.0 = Debug|Any CPU
		{04A17498-6C87-43B1-AFE9-A99069E89258}.Release|Any CPU.ActiveCfg = Release|Any CPU
		{04A17498-6C87-43B1-AFE9-A99069E89258}.Release|Any CPU.Build.0 = Release|Any CPU
	EndGlobalSection
	GlobalSection(SolutionProperties) = preSolution
		HideSolutionNode = FALSE
	EndGlobalSection
	GlobalSection(ExtensibilityGlobals) = postSolution
		SolutionGuid = {B4ACA3B2-17BF-4096-80E2-A46049012B5A}
	EndGlobalSection
EndGlobal
